
Microsoft Visual Studio Solution File, Format Version 12.00
# Visual Studio Version 17
VisualStudioVersion = 17.4.33122.133
MinimumVisualStudioVersion = 10.0.40219.1
Project("{FAE04EC0-301F-11D3-BF4B-00C04F79EFBC}") = "Assignment3_IliaBogatyrev", "Assignment3_IliaBogatyrev\Assignment3_IliaBogatyrev.csproj", "{302AC4B7-C9D0-43E3-8BE8-EF2F81608AFA}"
EndProject
Global
	GlobalSection(SolutionConfigurationPlatforms) = preSolution
		Debug|Any CPU = Debug|Any CPU
		Release|Any CPU = Release|Any CPU
	EndGlobalSection
	GlobalSection(ProjectConfigurationPlatforms) = postSolution
		{302AC4B7-C9D0-43E3-8BE8-EF2F81608AFA}.Debug|Any CPU.ActiveCfg = Debug|Any CPU
		{302AC4B7-C9D0-43E3-8BE8-EF2F81608AFA}.Debug|Any CPU.Build.0 = Debug|Any CPU
		{302AC4B7-C9D0-43E3-8BE8-EF2F81608AFA}.Release|Any CPU.ActiveCfg = Release|Any CPU
		{302AC4B7-C9D0-43E3-8BE8-EF2F81608AFA}.Release|Any CPU.Build.0 = Release|Any CPU
	EndGlobalSection
	GlobalSection(SolutionProperties) = preSolution
		HideSolutionNode = FALSE
	EndGlobalSection
	GlobalSection(ExtensibilityGlobals) = postSolution
		SolutionGuid = {FE464CE5-28D2-44C4-B943-9BAAFD832EA2}
	EndGlobalSection
EndGlobal
